
Microsoft Visual Studio Solution File, Format Version 12.00
# Visual Studio Version 17
VisualStudioVersion = 17.11.35327.3
MinimumVisualStudioVersion = 10.0.40219.1
Project("{FAE04EC0-301F-11D3-BF4B-00C04F79EFBC}") = "GLPab3", "GLPab3\GLPab3.csproj", "{84060B5C-D9FF-4540-8AF7-7210BECC8188}"
EndProject
Global
	GlobalSection(SolutionConfigurationPlatforms) = preSolution
		Debug|Any CPU = Debug|Any CPU
		Release|Any CPU = Release|Any CPU
	EndGlobalSection
	GlobalSection(ProjectConfigurationPlatforms) = postSolution
		{84060B5C-D9FF-4540-8AF7-7210BECC8188}.Debug|Any CPU.ActiveCfg = Debug|Any CPU
		{84060B5C-D9FF-4540-8AF7-7210BECC8188}.Debug|Any CPU.Build.0 = Debug|Any CPU
		{84060B5C-D9FF-4540-8AF7-7210BECC8188}.Release|Any CPU.ActiveCfg = Release|Any CPU
		{84060B5C-D9FF-4540-8AF7-7210BECC8188}.Release|Any CPU.Build.0 = Release|Any CPU
	EndGlobalSection
	GlobalSection(SolutionProperties) = preSolution
		HideSolutionNode = FALSE
	EndGlobalSection
	GlobalSection(ExtensibilityGlobals) = postSolution
		SolutionGuid = {7C1DFD85-B21B-4458-9D96-710C9E0F44D0}
	EndGlobalSection
EndGlobal
